{
  "name": "db",
  "version": "1.0.0",
  "lockfileVersion": 2,
  "requires": true,
  "packages": {
    "": {
      "name": "db",
      "version": "1.0.0",
      "license": "ISC",
      "dependencies": {
        "@prisma/client": "^4.16.2"
      },
      "devDependencies": {
        "prisma": "^4.16.2"
      }
    },
    "node_modules/@prisma/client": {
      "version": "4.16.2",
      "resolved": "https://registry.npmjs.org/@prisma/client/-/client-4.16.2.tgz",
      "integrity": "sha512-qCoEyxv1ZrQ4bKy39GnylE8Zq31IRmm8bNhNbZx7bF2cU5aiCCnSa93J2imF88MBjn7J9eUQneNxUQVJdl/rPQ==",
      "hasInstallScript": true,
      "dependencies": {
        "@prisma/engines-version": "4.16.1-1.4bc8b6e1b66cb932731fb1bdbbc550d1e010de81"
      },
      "engines": {
        "node": ">=14.17"
      },
      "peerDependencies": {
        "prisma": "*"
      },
      "peerDependenciesMeta": {
        "prisma": {
          "optional": true
        }
      }
    },
    "node_modules/@prisma/engines": {
      "version": "4.16.2",
      "resolved": "https://registry.npmjs.org/@prisma/engines/-/engines-4.16.2.tgz",
      "integrity": "sha512-vx1nxVvN4QeT/cepQce68deh/Turxy5Mr+4L4zClFuK1GlxN3+ivxfuv+ej/gvidWn1cE1uAhW7ALLNlYbRUAw==",
      "devOptional": true,
      "hasInstallScript": true
    },
    "node_modules/@prisma/engines-version": {
      "version": "4.16.1-1.4bc8b6e1b66cb932731fb1bdbbc550d1e010de81",
      "resolved": "https://registry.npmjs.org/@prisma/engines-version/-/engines-version-4.16.1-1.4bc8b6e1b66cb932731fb1bdbbc550d1e010de81.tgz",
      "integrity": "sha512-q617EUWfRIDTriWADZ4YiWRZXCa/WuhNgLTVd+HqWLffjMSPzyM5uOWoauX91wvQClSKZU4pzI4JJLQ9Kl62Qg=="
    },
    "node_modules/prisma": {
      "version": "4.16.2",
      "resolved": "https://registry.npmjs.org/prisma/-/prisma-4.16.2.tgz",
      "integrity": "sha512-SYCsBvDf0/7XSJyf2cHTLjLeTLVXYfqp7pG5eEVafFLeT0u/hLFz/9W196nDRGUOo1JfPatAEb+uEnTQImQC1g==",
      "devOptional": true,
      "hasInstallScript": true,
      "dependencies": {
        "@prisma/engines": "4.16.2"
      },
      "bin": {
        "prisma": "build/index.js",
        "prisma2": "build/index.js"
      },
      "engines": {
        "node": ">=14.17"
      }
    }
  },
  "dependencies": {
    "@prisma/client": {
      "version": "4.16.2",
      "resolved": "https://registry.npmjs.org/@prisma/client/-/client-4.16.2.tgz",
      "integrity": "sha512-qCoEyxv1ZrQ4bKy39GnylE8Zq31IRmm8bNhNbZx7bF2cU5aiCCnSa93J2imF88MBjn7J9eUQneNxUQVJdl/rPQ==",
      "requires": {
        "@prisma/engines-version": "4.16.1-1.4bc8b6e1b66cb932731fb1bdbbc550d1e010de81"
      }
    },
    "@prisma/engines": {
      "version": "4.16.2",
      "resolved": "https://registry.npmjs.org/@prisma/engines/-/engines-4.16.2.tgz",
      "integrity": "sha512-vx1nxVvN4QeT/cepQce68deh/Turxy5Mr+4L4zClFuK1GlxN3+ivxfuv+ej/gvidWn1cE1uAhW7ALLNlYbRUAw==",
      "devOptional": true
    },
    "@prisma/engines-version": {
      "version": "4.16.1-1.4bc8b6e1b66cb932731fb1bdbbc550d1e010de81",
      "resolved": "https://registry.npmjs.org/@prisma/engines-version/-/engines-version-4.16.1-1.4bc8b6e1b66cb932731fb1bdbbc550d1e010de81.tgz",
      "integrity": "sha512-q617EUWfRIDTriWADZ4YiWRZXCa/WuhNgLTVd+HqWLffjMSPzyM5uOWoauX91wvQClSKZU4pzI4JJLQ9Kl62Qg=="
    },
    "prisma": {
      "version": "4.16.2",
      "resolved": "https://registry.npmjs.org/prisma/-/prisma-4.16.2.tgz",
      "integrity": "sha512-SYCsBvDf0/7XSJyf2cHTLjLeTLVXYfqp7pG5eEVafFLeT0u/hLFz/9W196nDRGUOo1JfPatAEb+uEnTQImQC1g==",
      "devOptional": true,
      "requires": {
        "@prisma/engines": "4.16.2"
      }
    }
  }
}
